
Microsoft Visual Studio Solution File, Format Version 11.00
# Visual Studio 2010
Project("{FAE04EC0-301F-11D3-BF4B-00C04F79EFBC}") = "Assembly-CSharp", "Assembly-CSharp.csproj", "{3774296a-fcb1-769f-58d9-2fb71599a462}"
EndProject
Project("{FAE04EC0-301F-11D3-BF4B-00C04F79EFBC}") = "Assembly-CSharp-Editor", "Assembly-CSharp-Editor.csproj", "{4e2a0463-f466-5505-1492-313a88d313e4}"
EndProject
Global
	GlobalSection(SolutionConfigurationPlatforms) = preSolution
		Debug|Any CPU = Debug|Any CPU
	EndGlobalSection
	GlobalSection(ProjectConfigurationPlatforms) = postSolution
		{3774296a-fcb1-769f-58d9-2fb71599a462}.Debug|Any CPU.ActiveCfg = Debug|Any CPU
		{3774296a-fcb1-769f-58d9-2fb71599a462}.Debug|Any CPU.Build.0 = Debug|Any CPU
		{4e2a0463-f466-5505-1492-313a88d313e4}.Debug|Any CPU.ActiveCfg = Debug|Any CPU
		{4e2a0463-f466-5505-1492-313a88d313e4}.Debug|Any CPU.Build.0 = Debug|Any CPU
	EndGlobalSection
	GlobalSection(SolutionProperties) = preSolution
		HideSolutionNode = FALSE
	EndGlobalSection
EndGlobal
